
Microsoft Visual Studio Solution File, Format Version 12.00
# Visual Studio Version 16
VisualStudioVersion = 16.0.31729.503
MinimumVisualStudioVersion = 10.0.40219.1
Project("{FAE04EC0-301F-11D3-BF4B-00C04F79EFBC}") = "Ruleta", "Ruleta\Ruleta.csproj", "{449F9FED-4EAA-48CC-903C-40902810675A}"
EndProject
Global
	GlobalSection(SolutionConfigurationPlatforms) = preSolution
		Debug|Any CPU = Debug|Any CPU
		Release|Any CPU = Release|Any CPU
	EndGlobalSection
	GlobalSection(ProjectConfigurationPlatforms) = postSolution
		{449F9FED-4EAA-48CC-903C-40902810675A}.Debug|Any CPU.ActiveCfg = Debug|Any CPU
		{449F9FED-4EAA-48CC-903C-40902810675A}.Debug|Any CPU.Build.0 = Debug|Any CPU
		{449F9FED-4EAA-48CC-903C-40902810675A}.Release|Any CPU.ActiveCfg = Release|Any CPU
		{449F9FED-4EAA-48CC-903C-40902810675A}.Release|Any CPU.Build.0 = Release|Any CPU
	EndGlobalSection
	GlobalSection(SolutionProperties) = preSolution
		HideSolutionNode = FALSE
	EndGlobalSection
	GlobalSection(ExtensibilityGlobals) = postSolution
		SolutionGuid = {F180020A-8FC2-44FD-8D5D-1A5ADB76EF36}
	EndGlobalSection
EndGlobal
